// !$*UTF8*$!
{
	archiveVersion = 1;
	classes = {
	};
	objectVersion = 56;
	objects = {

/* Begin PBXBuildFile section */
		000204472CE4FF1200AE6E18 /* OrderCollectionViewCell.swift in Sources */ = {isa = PBXBuildFile; fileRef = 000204462CE4FF1200AE6E18 /* OrderCollectionViewCell.swift */; };
		007F70D92CDEACD0006416C5 /* URLRespones.swift in Sources */ = {isa = PBXBuildFile; fileRef = 007F70D82CDEACD0006416C5 /* URLRespones.swift */; };
		007F70E02CDF5F0A006416C5 /* ShopsConfigurator.swift in Sources */ = {isa = PBXBuildFile; fileRef = 007F70DF2CDF5F0A006416C5 /* ShopsConfigurator.swift */; };
		007F70E22CDF5F24006416C5 /* ShopsPresenter.swift in Sources */ = {isa = PBXBuildFile; fileRef = 007F70E12CDF5F24006416C5 /* ShopsPresenter.swift */; };
		007F70E42CDF5F37006416C5 /* ShopsInteractor.swift in Sources */ = {isa = PBXBuildFile; fileRef = 007F70E32CDF5F37006416C5 /* ShopsInteractor.swift */; };
		007F70E62CDF5F48006416C5 /* ShopsRouter.swift in Sources */ = {isa = PBXBuildFile; fileRef = 007F70E52CDF5F48006416C5 /* ShopsRouter.swift */; };
		007F70ED2CE04F2B006416C5 /* ShopsViewController.swift in Sources */ = {isa = PBXBuildFile; fileRef = 007F70EC2CE04F2B006416C5 /* ShopsViewController.swift */; };
		007F70EF2CE0509F006416C5 /* ShopsCollectionViewCell.swift in Sources */ = {isa = PBXBuildFile; fileRef = 007F70EE2CE0509F006416C5 /* ShopsCollectionViewCell.swift */; };
		007F70F12CE06B00006416C5 /* CoffeShop.swift in Sources */ = {isa = PBXBuildFile; fileRef = 007F70F02CE06B00006416C5 /* CoffeShop.swift */; };
		007F70F42CE1F262006416C5 /* MenuViewController.swift in Sources */ = {isa = PBXBuildFile; fileRef = 007F70F32CE1F262006416C5 /* MenuViewController.swift */; };
		007F70F62CE1F2A3006416C5 /* Position.swift in Sources */ = {isa = PBXBuildFile; fileRef = 007F70F52CE1F2A3006416C5 /* Position.swift */; };
		007F70F82CE1F365006416C5 /* MenuCollectionViewCell.swift in Sources */ = {isa = PBXBuildFile; fileRef = 007F70F72CE1F365006416C5 /* MenuCollectionViewCell.swift */; };
		007F70FB2CE21F55006416C5 /* Alamofire in Frameworks */ = {isa = PBXBuildFile; productRef = 007F70FA2CE21F55006416C5 /* Alamofire */; };
		007F70FD2CE21F55006416C5 /* AlamofireDynamic in Frameworks */ = {isa = PBXBuildFile; productRef = 007F70FC2CE21F55006416C5 /* AlamofireDynamic */; };
		007F70FF2CE23A32006416C5 /* MenuPresenter.swift in Sources */ = {isa = PBXBuildFile; fileRef = 007F70FE2CE23A32006416C5 /* MenuPresenter.swift */; };
		007F71012CE23A41006416C5 /* MenuInteractor.swift in Sources */ = {isa = PBXBuildFile; fileRef = 007F71002CE23A41006416C5 /* MenuInteractor.swift */; };
		007F71032CE23A4B006416C5 /* MenuConfigurator.swift in Sources */ = {isa = PBXBuildFile; fileRef = 007F71022CE23A4B006416C5 /* MenuConfigurator.swift */; };
		007F71052CE23A53006416C5 /* MenuRouter.swift in Sources */ = {isa = PBXBuildFile; fileRef = 007F71042CE23A53006416C5 /* MenuRouter.swift */; };
		007F71082CE36931006416C5 /* OrderViewController.swift in Sources */ = {isa = PBXBuildFile; fileRef = 007F71072CE36930006416C5 /* OrderViewController.swift */; };
		007F710B2CE39908006416C5 /* AlamofireImage in Frameworks */ = {isa = PBXBuildFile; productRef = 007F710A2CE39908006416C5 /* AlamofireImage */; };
		009CFED32CDCD3C900715DA4 /* AppDelegate.swift in Sources */ = {isa = PBXBuildFile; fileRef = 009CFED22CDCD3C900715DA4 /* AppDelegate.swift */; };
		009CFED52CDCD3C900715DA4 /* SceneDelegate.swift in Sources */ = {isa = PBXBuildFile; fileRef = 009CFED42CDCD3C900715DA4 /* SceneDelegate.swift */; };
		009CFED72CDCD3C900715DA4 /* RegViewController.swift in Sources */ = {isa = PBXBuildFile; fileRef = 009CFED62CDCD3C900715DA4 /* RegViewController.swift */; };
		009CFEDC2CDCD3CB00715DA4 /* Assets.xcassets in Resources */ = {isa = PBXBuildFile; fileRef = 009CFEDB2CDCD3CB00715DA4 /* Assets.xcassets */; };
		009CFEDF2CDCD3CB00715DA4 /* Base in Resources */ = {isa = PBXBuildFile; fileRef = 009CFEDE2CDCD3CB00715DA4 /* Base */; };
		009CFEE72CDCE38200715DA4 /* AuthConfigurator.swift in Sources */ = {isa = PBXBuildFile; fileRef = 009CFEE62CDCE38200715DA4 /* AuthConfigurator.swift */; };
		009CFEE92CDCE39500715DA4 /* AuthPresenter.swift in Sources */ = {isa = PBXBuildFile; fileRef = 009CFEE82CDCE39500715DA4 /* AuthPresenter.swift */; };
		009CFEEB2CDCE3C200715DA4 /* AuthInteractor.swift in Sources */ = {isa = PBXBuildFile; fileRef = 009CFEEA2CDCE3C200715DA4 /* AuthInteractor.swift */; };
		009CFEEF2CDCE4D300715DA4 /* AuthRouter.swift in Sources */ = {isa = PBXBuildFile; fileRef = 009CFEEE2CDCE4D300715DA4 /* AuthRouter.swift */; };
		009CFEF22CDD2DF500715DA4 /* UIColor.swift in Sources */ = {isa = PBXBuildFile; fileRef = 009CFEF12CDD2DF500715DA4 /* UIColor.swift */; };
		009CFEF42CDDF8C300715DA4 /* CGColor.swift in Sources */ = {isa = PBXBuildFile; fileRef = 009CFEF32CDDF8C300715DA4 /* CGColor.swift */; };
		009CFEF72CDDFA1C00715DA4 /* RegConfigurator.swift in Sources */ = {isa = PBXBuildFile; fileRef = 009CFEF62CDDFA1C00715DA4 /* RegConfigurator.swift */; };
		009CFEF92CDDFA5800715DA4 /* RegPresenter.swift in Sources */ = {isa = PBXBuildFile; fileRef = 009CFEF82CDDFA5800715DA4 /* RegPresenter.swift */; };
		009CFEFB2CDE024600715DA4 /* RegInteractor.swift in Sources */ = {isa = PBXBuildFile; fileRef = 009CFEFA2CDE024600715DA4 /* RegInteractor.swift */; };
		009CFEFD2CDE025000715DA4 /* RegRouter.swift in Sources */ = {isa = PBXBuildFile; fileRef = 009CFEFC2CDE025000715DA4 /* RegRouter.swift */; };
		009CFEFF2CDE2F6D00715DA4 /* AuthViewController.swift in Sources */ = {isa = PBXBuildFile; fileRef = 009CFEFE2CDE2F6D00715DA4 /* AuthViewController.swift */; };
		009CFF012CDE5C7B00715DA4 /* NetworkService.swift in Sources */ = {isa = PBXBuildFile; fileRef = 009CFF002CDE5C7B00715DA4 /* NetworkService.swift */; };
/* End PBXBuildFile section */

/* Begin PBXFileReference section */
		000204462CE4FF1200AE6E18 /* OrderCollectionViewCell.swift */ = {isa = PBXFileReference; lastKnownFileType = sourcecode.swift; path = OrderCollectionViewCell.swift; sourceTree = "<group>"; };
		007F70D82CDEACD0006416C5 /* URLRespones.swift */ = {isa = PBXFileReference; lastKnownFileType = sourcecode.swift; path = URLRespones.swift; sourceTree = "<group>"; };
		007F70DF2CDF5F0A006416C5 /* ShopsConfigurator.swift */ = {isa = PBXFileReference; lastKnownFileType = sourcecode.swift; path = ShopsConfigurator.swift; sourceTree = "<group>"; };
		007F70E12CDF5F24006416C5 /* ShopsPresenter.swift */ = {isa = PBXFileReference; lastKnownFileType = sourcecode.swift; path = ShopsPresenter.swift; sourceTree = "<group>"; };
		007F70E32CDF5F37006416C5 /* ShopsInteractor.swift */ = {isa = PBXFileReference; lastKnownFileType = sourcecode.swift; path = ShopsInteractor.swift; sourceTree = "<group>"; };
		007F70E52CDF5F48006416C5 /* ShopsRouter.swift */ = {isa = PBXFileReference; lastKnownFileType = sourcecode.swift; path = ShopsRouter.swift; sourceTree = "<group>"; };
		007F70EC2CE04F2B006416C5 /* ShopsViewController.swift */ = {isa = PBXFileReference; lastKnownFileType = sourcecode.swift; path = ShopsViewController.swift; sourceTree = "<group>"; };
		007F70EE2CE0509F006416C5 /* ShopsCollectionViewCell.swift */ = {isa = PBXFileReference; lastKnownFileType = sourcecode.swift; path = ShopsCollectionViewCell.swift; sourceTree = "<group>"; };
		007F70F02CE06B00006416C5 /* CoffeShop.swift */ = {isa = PBXFileReference; lastKnownFileType = sourcecode.swift; path = CoffeShop.swift; sourceTree = "<group>"; };
		007F70F32CE1F262006416C5 /* MenuViewController.swift */ = {isa = PBXFileReference; lastKnownFileType = sourcecode.swift; path = MenuViewController.swift; sourceTree = "<group>"; };
		007F70F52CE1F2A3006416C5 /* Position.swift */ = {isa = PBXFileReference; lastKnownFileType = sourcecode.swift; path = Position.swift; sourceTree = "<group>"; };
		007F70F72CE1F365006416C5 /* MenuCollectionViewCell.swift */ = {isa = PBXFileReference; lastKnownFileType = sourcecode.swift; path = MenuCollectionViewCell.swift; sourceTree = "<group>"; };
		007F70FE2CE23A32006416C5 /* MenuPresenter.swift */ = {isa = PBXFileReference; lastKnownFileType = sourcecode.swift; path = MenuPresenter.swift; sourceTree = "<group>"; };
		007F71002CE23A41006416C5 /* MenuInteractor.swift */ = {isa = PBXFileReference; lastKnownFileType = sourcecode.swift; path = MenuInteractor.swift; sourceTree = "<group>"; };
		007F71022CE23A4B006416C5 /* MenuConfigurator.swift */ = {isa = PBXFileReference; lastKnownFileType = sourcecode.swift; path = MenuConfigurator.swift; sourceTree = "<group>"; };
		007F71042CE23A53006416C5 /* MenuRouter.swift */ = {isa = PBXFileReference; lastKnownFileType = sourcecode.swift; path = MenuRouter.swift; sourceTree = "<group>"; };
		007F71072CE36930006416C5 /* OrderViewController.swift */ = {isa = PBXFileReference; lastKnownFileType = sourcecode.swift; path = OrderViewController.swift; sourceTree = "<group>"; };
		009CFECF2CDCD3C900715DA4 /* SevenWindsApp.app */ = {isa = PBXFileReference; explicitFileType = wrapper.application; includeInIndex = 0; path = SevenWindsApp.app; sourceTree = BUILT_PRODUCTS_DIR; };
		009CFED22CDCD3C900715DA4 /* AppDelegate.swift */ = {isa = PBXFileReference; lastKnownFileType = sourcecode.swift; path = AppDelegate.swift; sourceTree = "<group>"; };
		009CFED42CDCD3C900715DA4 /* SceneDelegate.swift */ = {isa = PBXFileReference; lastKnownFileType = sourcecode.swift; path = SceneDelegate.swift; sourceTree = "<group>"; };
		009CFED62CDCD3C900715DA4 /* RegViewController.swift */ = {isa = PBXFileReference; lastKnownFileType = sourcecode.swift; path = RegViewController.swift; sourceTree = "<group>"; };
		009CFEDB2CDCD3CB00715DA4 /* Assets.xcassets */ = {isa = PBXFileReference; lastKnownFileType = folder.assetcatalog; path = Assets.xcassets; sourceTree = "<group>"; };
		009CFEDE2CDCD3CB00715DA4 /* Base */ = {isa = PBXFileReference; lastKnownFileType = file.storyboard; name = Base; path = Base.lproj/LaunchScreen.storyboard; sourceTree = "<group>"; };
		009CFEE02CDCD3CB00715DA4 /* Info.plist */ = {isa = PBXFileReference; lastKnownFileType = text.plist.xml; path = Info.plist; sourceTree = "<group>"; };
		009CFEE62CDCE38200715DA4 /* AuthConfigurator.swift */ = {isa = PBXFileReference; lastKnownFileType = sourcecode.swift; path = AuthConfigurator.swift; sourceTree = "<group>"; };
		009CFEE82CDCE39500715DA4 /* AuthPresenter.swift */ = {isa = PBXFileReference; lastKnownFileType = sourcecode.swift; path = AuthPresenter.swift; sourceTree = "<group>"; };
		009CFEEA2CDCE3C200715DA4 /* AuthInteractor.swift */ = {isa = PBXFileReference; lastKnownFileType = sourcecode.swift; path = AuthInteractor.swift; sourceTree = "<group>"; };
		009CFEEE2CDCE4D300715DA4 /* AuthRouter.swift */ = {isa = PBXFileReference; lastKnownFileType = sourcecode.swift; path = AuthRouter.swift; sourceTree = "<group>"; };
		009CFEF12CDD2DF500715DA4 /* UIColor.swift */ = {isa = PBXFileReference; lastKnownFileType = sourcecode.swift; path = UIColor.swift; sourceTree = "<group>"; };
		009CFEF32CDDF8C300715DA4 /* CGColor.swift */ = {isa = PBXFileReference; lastKnownFileType = sourcecode.swift; path = CGColor.swift; sourceTree = "<group>"; };
		009CFEF62CDDFA1C00715DA4 /* RegConfigurator.swift */ = {isa = PBXFileReference; lastKnownFileType = sourcecode.swift; path = RegConfigurator.swift; sourceTree = "<group>"; };
		009CFEF82CDDFA5800715DA4 /* RegPresenter.swift */ = {isa = PBXFileReference; lastKnownFileType = sourcecode.swift; path = RegPresenter.swift; sourceTree = "<group>"; };
		009CFEFA2CDE024600715DA4 /* RegInteractor.swift */ = {isa = PBXFileReference; lastKnownFileType = sourcecode.swift; path = RegInteractor.swift; sourceTree = "<group>"; };
		009CFEFC2CDE025000715DA4 /* RegRouter.swift */ = {isa = PBXFileReference; lastKnownFileType = sourcecode.swift; path = RegRouter.swift; sourceTree = "<group>"; };
		009CFEFE2CDE2F6D00715DA4 /* AuthViewController.swift */ = {isa = PBXFileReference; lastKnownFileType = sourcecode.swift; path = AuthViewController.swift; sourceTree = "<group>"; };
		009CFF002CDE5C7B00715DA4 /* NetworkService.swift */ = {isa = PBXFileReference; lastKnownFileType = sourcecode.swift; path = NetworkService.swift; sourceTree = "<group>"; };
/* End PBXFileReference section */

/* Begin PBXFrameworksBuildPhase section */
		009CFECC2CDCD3C900715DA4 /* Frameworks */ = {
			isa = PBXFrameworksBuildPhase;
			buildActionMask = 2147483647;
			files = (
				007F70FB2CE21F55006416C5 /* Alamofire in Frameworks */,
				007F70FD2CE21F55006416C5 /* AlamofireDynamic in Frameworks */,
				007F710B2CE39908006416C5 /* AlamofireImage in Frameworks */,
			);
			runOnlyForDeploymentPostprocessing = 0;
		};
/* End PBXFrameworksBuildPhase section */

/* Begin PBXGroup section */
		000204482CE4FF2100AE6E18 /* Order */ = {
			isa = PBXGroup;
			children = (
				007F71072CE36930006416C5 /* OrderViewController.swift */,
				000204462CE4FF1200AE6E18 /* OrderCollectionViewCell.swift */,
			);
			path = Order;
			sourceTree = "<group>";
		};
		007F70D72CDEAC55006416C5 /* Models */ = {
			isa = PBXGroup;
			children = (
				007F70D82CDEACD0006416C5 /* URLRespones.swift */,
				007F70F02CE06B00006416C5 /* CoffeShop.swift */,
				007F70F52CE1F2A3006416C5 /* Position.swift */,
			);
			path = Models;
			sourceTree = "<group>";
		};
		007F70DA2CDF5286006416C5 /* SignIn */ = {
			isa = PBXGroup;
			children = (
				009CFEE62CDCE38200715DA4 /* AuthConfigurator.swift */,
				009CFEE82CDCE39500715DA4 /* AuthPresenter.swift */,
				009CFEEA2CDCE3C200715DA4 /* AuthInteractor.swift */,
				009CFEEE2CDCE4D300715DA4 /* AuthRouter.swift */,
				009CFEFE2CDE2F6D00715DA4 /* AuthViewController.swift */,
			);
			path = SignIn;
			sourceTree = "<group>";
		};
		007F70DD2CDF5AF2006416C5 /* Core */ = {
			isa = PBXGroup;
			children = (
				000204482CE4FF2100AE6E18 /* Order */,
				007F70F22CE0871F006416C5 /* CoffeShopMenu */,
				007F70DE2CDF5AF9006416C5 /* CoffeShops */,
			);
			path = Core;
			sourceTree = "<group>";
		};
		007F70DE2CDF5AF9006416C5 /* CoffeShops */ = {
			isa = PBXGroup;
			children = (
				007F70EC2CE04F2B006416C5 /* ShopsViewController.swift */,
				007F70EE2CE0509F006416C5 /* ShopsCollectionViewCell.swift */,
				007F70DF2CDF5F0A006416C5 /* ShopsConfigurator.swift */,
				007F70E12CDF5F24006416C5 /* ShopsPresenter.swift */,
				007F70E32CDF5F37006416C5 /* ShopsInteractor.swift */,
				007F70E52CDF5F48006416C5 /* ShopsRouter.swift */,
			);
			path = CoffeShops;
			sourceTree = "<group>";
		};
		007F70F22CE0871F006416C5 /* CoffeShopMenu */ = {
			isa = PBXGroup;
			children = (
				007F70F32CE1F262006416C5 /* MenuViewController.swift */,
				007F71062CE23EE0006416C5 /* ViewComponents */,
				007F70FE2CE23A32006416C5 /* MenuPresenter.swift */,
				007F71002CE23A41006416C5 /* MenuInteractor.swift */,
				007F71022CE23A4B006416C5 /* MenuConfigurator.swift */,
				007F71042CE23A53006416C5 /* MenuRouter.swift */,
			);
			path = CoffeShopMenu;
			sourceTree = "<group>";
		};
		007F71062CE23EE0006416C5 /* ViewComponents */ = {
			isa = PBXGroup;
			children = (
				007F70F72CE1F365006416C5 /* MenuCollectionViewCell.swift */,
			);
			path = ViewComponents;
			sourceTree = "<group>";
		};
		009CFEC62CDCD3C900715DA4 = {
			isa = PBXGroup;
			children = (
				009CFED12CDCD3C900715DA4 /* SevenWindsApp */,
				009CFED02CDCD3C900715DA4 /* Products */,
			);
			sourceTree = "<group>";
		};
		009CFED02CDCD3C900715DA4 /* Products */ = {
			isa = PBXGroup;
			children = (
				009CFECF2CDCD3C900715DA4 /* SevenWindsApp.app */,
			);
			name = Products;
			sourceTree = "<group>";
		};
		009CFED12CDCD3C900715DA4 /* SevenWindsApp */ = {
			isa = PBXGroup;
			children = (
				009CFED22CDCD3C900715DA4 /* AppDelegate.swift */,
				009CFED42CDCD3C900715DA4 /* SceneDelegate.swift */,
				009CFEED2CDCE4B100715DA4 /* Services */,
				007F70DD2CDF5AF2006416C5 /* Core */,
				007F70D72CDEAC55006416C5 /* Models */,
				009CFEF02CDD2DE400715DA4 /* Extensions */,
				009CFEEC2CDCE3CC00715DA4 /* Authentification */,
				009CFEDB2CDCD3CB00715DA4 /* Assets.xcassets */,
				009CFEDD2CDCD3CB00715DA4 /* LaunchScreen.storyboard */,
				009CFEE02CDCD3CB00715DA4 /* Info.plist */,
			);
			path = SevenWindsApp;
			sourceTree = "<group>";
		};
		009CFEEC2CDCE3CC00715DA4 /* Authentification */ = {
			isa = PBXGroup;
			children = (
				009CFEF52CDDFA0600715DA4 /* Registration */,
				007F70DA2CDF5286006416C5 /* SignIn */,
			);
			path = Authentification;
			sourceTree = "<group>";
		};
		009CFEED2CDCE4B100715DA4 /* Services */ = {
			isa = PBXGroup;
			children = (
				009CFF002CDE5C7B00715DA4 /* NetworkService.swift */,
			);
			path = Services;
			sourceTree = "<group>";
		};
		009CFEF02CDD2DE400715DA4 /* Extensions */ = {
			isa = PBXGroup;
			children = (
				009CFEF12CDD2DF500715DA4 /* UIColor.swift */,
				009CFEF32CDDF8C300715DA4 /* CGColor.swift */,
			);
			path = Extensions;
			sourceTree = "<group>";
		};
		009CFEF52CDDFA0600715DA4 /* Registration */ = {
			isa = PBXGroup;
			children = (
				009CFED62CDCD3C900715DA4 /* RegViewController.swift */,
				009CFEF82CDDFA5800715DA4 /* RegPresenter.swift */,
				009CFEFA2CDE024600715DA4 /* RegInteractor.swift */,
				009CFEFC2CDE025000715DA4 /* RegRouter.swift */,
				009CFEF62CDDFA1C00715DA4 /* RegConfigurator.swift */,
			);
			path = Registration;
			sourceTree = "<group>";
		};
/* End PBXGroup section */

/* Begin PBXNativeTarget section */
		009CFECE2CDCD3C900715DA4 /* SevenWindsApp */ = {
			isa = PBXNativeTarget;
			buildConfigurationList = 009CFEE32CDCD3CB00715DA4 /* Build configuration list for PBXNativeTarget "SevenWindsApp" */;
			buildPhases = (
				009CFECB2CDCD3C900715DA4 /* Sources */,
				009CFECC2CDCD3C900715DA4 /* Frameworks */,
				009CFECD2CDCD3C900715DA4 /* Resources */,
			);
			buildRules = (
			);
			dependencies = (
			);
			name = SevenWindsApp;
			packageProductDependencies = (
				007F70FA2CE21F55006416C5 /* Alamofire */,
				007F70FC2CE21F55006416C5 /* AlamofireDynamic */,
				007F710A2CE39908006416C5 /* AlamofireImage */,
			);
			productName = SevenWindsApp;
			productReference = 009CFECF2CDCD3C900715DA4 /* SevenWindsApp.app */;
			productType = "com.apple.product-type.application";
		};
/* End PBXNativeTarget section */

/* Begin PBXProject section */
		009CFEC72CDCD3C900715DA4 /* Project object */ = {
			isa = PBXProject;
			attributes = {
				BuildIndependentTargetsInParallel = 1;
				LastSwiftUpdateCheck = 1530;
				LastUpgradeCheck = 1530;
				TargetAttributes = {
					009CFECE2CDCD3C900715DA4 = {
						CreatedOnToolsVersion = 15.3;
					};
				};
			};
			buildConfigurationList = 009CFECA2CDCD3C900715DA4 /* Build configuration list for PBXProject "SevenWindsApp" */;
			compatibilityVersion = "Xcode 14.0";
			developmentRegion = en;
			hasScannedForEncodings = 0;
			knownRegions = (
				en,
				Base,
			);
			mainGroup = 009CFEC62CDCD3C900715DA4;
			packageReferences = (
				007F70F92CE21F55006416C5 /* XCRemoteSwiftPackageReference "Alamofire" */,
				007F71092CE39908006416C5 /* XCRemoteSwiftPackageReference "AlamofireImage" */,
			);
			productRefGroup = 009CFED02CDCD3C900715DA4 /* Products */;
			projectDirPath = "";
			projectRoot = "";
			targets = (
				009CFECE2CDCD3C900715DA4 /* SevenWindsApp */,
			);
		};
/* End PBXProject section */

/* Begin PBXResourcesBuildPhase section */
		009CFECD2CDCD3C900715DA4 /* Resources */ = {
			isa = PBXResourcesBuildPhase;
			buildActionMask = 2147483647;
			files = (
				009CFEDC2CDCD3CB00715DA4 /* Assets.xcassets in Resources */,
				009CFEDF2CDCD3CB00715DA4 /* Base in Resources */,
			);
			runOnlyForDeploymentPostprocessing = 0;
		};
/* End PBXResourcesBuildPhase section */

/* Begin PBXSourcesBuildPhase section */
		009CFECB2CDCD3C900715DA4 /* Sources */ = {
			isa = PBXSourcesBuildPhase;
			buildActionMask = 2147483647;
			files = (
				007F70F12CE06B00006416C5 /* CoffeShop.swift in Sources */,
				007F70E42CDF5F37006416C5 /* ShopsInteractor.swift in Sources */,
				007F71032CE23A4B006416C5 /* MenuConfigurator.swift in Sources */,
				009CFEFD2CDE025000715DA4 /* RegRouter.swift in Sources */,
				007F70ED2CE04F2B006416C5 /* ShopsViewController.swift in Sources */,
				009CFEEF2CDCE4D300715DA4 /* AuthRouter.swift in Sources */,
				009CFEF92CDDFA5800715DA4 /* RegPresenter.swift in Sources */,
				009CFEE92CDCE39500715DA4 /* AuthPresenter.swift in Sources */,
				007F71012CE23A41006416C5 /* MenuInteractor.swift in Sources */,
				007F70F62CE1F2A3006416C5 /* Position.swift in Sources */,
				007F70F42CE1F262006416C5 /* MenuViewController.swift in Sources */,
				009CFEFF2CDE2F6D00715DA4 /* AuthViewController.swift in Sources */,
				009CFED72CDCD3C900715DA4 /* RegViewController.swift in Sources */,
				007F70E62CDF5F48006416C5 /* ShopsRouter.swift in Sources */,
				009CFEF72CDDFA1C00715DA4 /* RegConfigurator.swift in Sources */,
				009CFEF42CDDF8C300715DA4 /* CGColor.swift in Sources */,
				009CFEEB2CDCE3C200715DA4 /* AuthInteractor.swift in Sources */,
				007F70E02CDF5F0A006416C5 /* ShopsConfigurator.swift in Sources */,
				009CFED32CDCD3C900715DA4 /* AppDelegate.swift in Sources */,
				007F70FF2CE23A32006416C5 /* MenuPresenter.swift in Sources */,
				007F70F82CE1F365006416C5 /* MenuCollectionViewCell.swift in Sources */,
				009CFF012CDE5C7B00715DA4 /* NetworkService.swift in Sources */,
				007F70E22CDF5F24006416C5 /* ShopsPresenter.swift in Sources */,
				007F71082CE36931006416C5 /* OrderViewController.swift in Sources */,
				007F71052CE23A53006416C5 /* MenuRouter.swift in Sources */,
				009CFEF22CDD2DF500715DA4 /* UIColor.swift in Sources */,
				009CFEE72CDCE38200715DA4 /* AuthConfigurator.swift in Sources */,
				000204472CE4FF1200AE6E18 /* OrderCollectionViewCell.swift in Sources */,
				009CFED52CDCD3C900715DA4 /* SceneDelegate.swift in Sources */,
				007F70EF2CE0509F006416C5 /* ShopsCollectionViewCell.swift in Sources */,
				007F70D92CDEACD0006416C5 /* URLRespones.swift in Sources */,
				009CFEFB2CDE024600715DA4 /* RegInteractor.swift in Sources */,
			);
			runOnlyForDeploymentPostprocessing = 0;
		};
/* End PBXSourcesBuildPhase section */

/* Begin PBXVariantGroup section */
		009CFEDD2CDCD3CB00715DA4 /* LaunchScreen.storyboard */ = {
			isa = PBXVariantGroup;
			children = (
				009CFEDE2CDCD3CB00715DA4 /* Base */,
			);
			name = LaunchScreen.storyboard;
			sourceTree = "<group>";
		};
/* End PBXVariantGroup section */

/* Begin XCBuildConfiguration section */
		009CFEE12CDCD3CB00715DA4 /* Debug */ = {
			isa = XCBuildConfiguration;
			buildSettings = {
				ALWAYS_SEARCH_USER_PATHS = NO;
				ASSETCATALOG_COMPILER_GENERATE_SWIFT_ASSET_SYMBOL_EXTENSIONS = YES;
				CLANG_ANALYZER_NONNULL = YES;
				CLANG_ANALYZER_NUMBER_OBJECT_CONVERSION = YES_AGGRESSIVE;
				CLANG_CXX_LANGUAGE_STANDARD = "gnu++20";
				CLANG_ENABLE_MODULES = YES;
				CLANG_ENABLE_OBJC_ARC = YES;
				CLANG_ENABLE_OBJC_WEAK = YES;
				CLANG_WARN_BLOCK_CAPTURE_AUTORELEASING = YES;
				CLANG_WARN_BOOL_CONVERSION = YES;
				CLANG_WARN_COMMA = YES;
				CLANG_WARN_CONSTANT_CONVERSION = YES;
				CLANG_WARN_DEPRECATED_OBJC_IMPLEMENTATIONS = YES;
				CLANG_WARN_DIRECT_OBJC_ISA_USAGE = YES_ERROR;
				CLANG_WARN_DOCUMENTATION_COMMENTS = YES;
				CLANG_WARN_EMPTY_BODY = YES;
				CLANG_WARN_ENUM_CONVERSION = YES;
				CLANG_WARN_INFINITE_RECURSION = YES;
				CLANG_WARN_INT_CONVERSION = YES;
				CLANG_WARN_NON_LITERAL_NULL_CONVERSION = YES;
				CLANG_WARN_OBJC_IMPLICIT_RETAIN_SELF = YES;
				CLANG_WARN_OBJC_LITERAL_CONVERSION = YES;
				CLANG_WARN_OBJC_ROOT_CLASS = YES_ERROR;
				CLANG_WARN_QUOTED_INCLUDE_IN_FRAMEWORK_HEADER = YES;
				CLANG_WARN_RANGE_LOOP_ANALYSIS = YES;
				CLANG_WARN_STRICT_PROTOTYPES = YES;
				CLANG_WARN_SUSPICIOUS_MOVE = YES;
				CLANG_WARN_UNGUARDED_AVAILABILITY = YES_AGGRESSIVE;
				CLANG_WARN_UNREACHABLE_CODE = YES;
				CLANG_WARN__DUPLICATE_METHOD_MATCH = YES;
				COPY_PHASE_STRIP = NO;
				DEBUG_INFORMATION_FORMAT = dwarf;
				ENABLE_STRICT_OBJC_MSGSEND = YES;
				ENABLE_TESTABILITY = YES;
				ENABLE_USER_SCRIPT_SANDBOXING = YES;
				GCC_C_LANGUAGE_STANDARD = gnu17;
				GCC_DYNAMIC_NO_PIC = NO;
				GCC_NO_COMMON_BLOCKS = YES;
				GCC_OPTIMIZATION_LEVEL = 0;
				GCC_PREPROCESSOR_DEFINITIONS = (
					"DEBUG=1",
					"$(inherited)",
				);
				GCC_WARN_64_TO_32_BIT_CONVERSION = YES;
				GCC_WARN_ABOUT_RETURN_TYPE = YES_ERROR;
				GCC_WARN_UNDECLARED_SELECTOR = YES;
				GCC_WARN_UNINITIALIZED_AUTOS = YES_AGGRESSIVE;
				GCC_WARN_UNUSED_FUNCTION = YES;
				GCC_WARN_UNUSED_VARIABLE = YES;
				IPHONEOS_DEPLOYMENT_TARGET = 17.4;
				LOCALIZATION_PREFERS_STRING_CATALOGS = YES;
				MTL_ENABLE_DEBUG_INFO = INCLUDE_SOURCE;
				MTL_FAST_MATH = YES;
				ONLY_ACTIVE_ARCH = YES;
				SDKROOT = iphoneos;
				SWIFT_ACTIVE_COMPILATION_CONDITIONS = "DEBUG $(inherited)";
				SWIFT_OPTIMIZATION_LEVEL = "-Onone";
			};
			name = Debug;
		};
		009CFEE22CDCD3CB00715DA4 /* Release */ = {
			isa = XCBuildConfiguration;
			buildSettings = {
				ALWAYS_SEARCH_USER_PATHS = NO;
				ASSETCATALOG_COMPILER_GENERATE_SWIFT_ASSET_SYMBOL_EXTENSIONS = YES;
				CLANG_ANALYZER_NONNULL = YES;
				CLANG_ANALYZER_NUMBER_OBJECT_CONVERSION = YES_AGGRESSIVE;
				CLANG_CXX_LANGUAGE_STANDARD = "gnu++20";
				CLANG_ENABLE_MODULES = YES;
				CLANG_ENABLE_OBJC_ARC = YES;
				CLANG_ENABLE_OBJC_WEAK = YES;
				CLANG_WARN_BLOCK_CAPTURE_AUTORELEASING = YES;
				CLANG_WARN_BOOL_CONVERSION = YES;
				CLANG_WARN_COMMA = YES;
				CLANG_WARN_CONSTANT_CONVERSION = YES;
				CLANG_WARN_DEPRECATED_OBJC_IMPLEMENTATIONS = YES;
				CLANG_WARN_DIRECT_OBJC_ISA_USAGE = YES_ERROR;
				CLANG_WARN_DOCUMENTATION_COMMENTS = YES;
				CLANG_WARN_EMPTY_BODY = YES;
				CLANG_WARN_ENUM_CONVERSION = YES;
				CLANG_WARN_INFINITE_RECURSION = YES;
				CLANG_WARN_INT_CONVERSION = YES;
				CLANG_WARN_NON_LITERAL_NULL_CONVERSION = YES;
				CLANG_WARN_OBJC_IMPLICIT_RETAIN_SELF = YES;
				CLANG_WARN_OBJC_LITERAL_CONVERSION = YES;
				CLANG_WARN_OBJC_ROOT_CLASS = YES_ERROR;
				CLANG_WARN_QUOTED_INCLUDE_IN_FRAMEWORK_HEADER = YES;
				CLANG_WARN_RANGE_LOOP_ANALYSIS = YES;
				CLANG_WARN_STRICT_PROTOTYPES = YES;
				CLANG_WARN_SUSPICIOUS_MOVE = YES;
				CLANG_WARN_UNGUARDED_AVAILABILITY = YES_AGGRESSIVE;
				CLANG_WARN_UNREACHABLE_CODE = YES;
				CLANG_WARN__DUPLICATE_METHOD_MATCH = YES;
				COPY_PHASE_STRIP = NO;
				DEBUG_INFORMATION_FORMAT = "dwarf-with-dsym";
				ENABLE_NS_ASSERTIONS = NO;
				ENABLE_STRICT_OBJC_MSGSEND = YES;
				ENABLE_USER_SCRIPT_SANDBOXING = YES;
				GCC_C_LANGUAGE_STANDARD = gnu17;
				GCC_NO_COMMON_BLOCKS = YES;
				GCC_WARN_64_TO_32_BIT_CONVERSION = YES;
				GCC_WARN_ABOUT_RETURN_TYPE = YES_ERROR;
				GCC_WARN_UNDECLARED_SELECTOR = YES;
				GCC_WARN_UNINITIALIZED_AUTOS = YES_AGGRESSIVE;
				GCC_WARN_UNUSED_FUNCTION = YES;
				GCC_WARN_UNUSED_VARIABLE = YES;
				IPHONEOS_DEPLOYMENT_TARGET = 17.4;
				LOCALIZATION_PREFERS_STRING_CATALOGS = YES;
				MTL_ENABLE_DEBUG_INFO = NO;
				MTL_FAST_MATH = YES;
				SDKROOT = iphoneos;
				SWIFT_COMPILATION_MODE = wholemodule;
				VALIDATE_PRODUCT = YES;
			};
			name = Release;
		};
		009CFEE42CDCD3CB00715DA4 /* Debug */ = {
			isa = XCBuildConfiguration;
			buildSettings = {
				ASSETCATALOG_COMPILER_APPICON_NAME = AppIcon;
				ASSETCATALOG_COMPILER_GLOBAL_ACCENT_COLOR_NAME = AccentColor;
				CODE_SIGN_STYLE = Automatic;
				CURRENT_PROJECT_VERSION = 1;
				DEVELOPMENT_TEAM = 538986FBKH;
				GENERATE_INFOPLIST_FILE = YES;
				INFOPLIST_FILE = SevenWindsApp/Info.plist;
				INFOPLIST_KEY_UIApplicationSupportsIndirectInputEvents = YES;
				INFOPLIST_KEY_UILaunchStoryboardName = LaunchScreen;
				INFOPLIST_KEY_UISupportedInterfaceOrientations_iPad = "UIInterfaceOrientationPortrait UIInterfaceOrientationPortraitUpsideDown UIInterfaceOrientationLandscapeLeft UIInterfaceOrientationLandscapeRight";
				INFOPLIST_KEY_UISupportedInterfaceOrientations_iPhone = "UIInterfaceOrientationPortrait UIInterfaceOrientationLandscapeLeft UIInterfaceOrientationLandscapeRight";
				LD_RUNPATH_SEARCH_PATHS = (
					"$(inherited)",
					"@executable_path/Frameworks",
				);
				MARKETING_VERSION = 1.0;
				PRODUCT_BUNDLE_IDENTIFIER = com.FDB.SevenWindsApp;
				PRODUCT_NAME = "$(TARGET_NAME)";
				SWIFT_EMIT_LOC_STRINGS = YES;
				SWIFT_VERSION = 5.0;
				TARGETED_DEVICE_FAMILY = "1,2";
			};
			name = Debug;
		};
		009CFEE52CDCD3CB00715DA4 /* Release */ = {
			isa = XCBuildConfiguration;
			buildSettings = {
				ASSETCATALOG_COMPILER_APPICON_NAME = AppIcon;
				ASSETCATALOG_COMPILER_GLOBAL_ACCENT_COLOR_NAME = AccentColor;
				CODE_SIGN_STYLE = Automatic;
				CURRENT_PROJECT_VERSION = 1;
				DEVELOPMENT_TEAM = 538986FBKH;
				GENERATE_INFOPLIST_FILE = YES;
				INFOPLIST_FILE = SevenWindsApp/Info.plist;
				INFOPLIST_KEY_UIApplicationSupportsIndirectInputEvents = YES;
				INFOPLIST_KEY_UILaunchStoryboardName = LaunchScreen;
				INFOPLIST_KEY_UISupportedInterfaceOrientations_iPad = "UIInterfaceOrientationPortrait UIInterfaceOrientationPortraitUpsideDown UIInterfaceOrientationLandscapeLeft UIInterfaceOrientationLandscapeRight";
				INFOPLIST_KEY_UISupportedInterfaceOrientations_iPhone = "UIInterfaceOrientationPortrait UIInterfaceOrientationLandscapeLeft UIInterfaceOrientationLandscapeRight";
				LD_RUNPATH_SEARCH_PATHS = (
					"$(inherited)",
					"@executable_path/Frameworks",
				);
				MARKETING_VERSION = 1.0;
				PRODUCT_BUNDLE_IDENTIFIER = com.FDB.SevenWindsApp;
				PRODUCT_NAME = "$(TARGET_NAME)";
				SWIFT_EMIT_LOC_STRINGS = YES;
				SWIFT_VERSION = 5.0;
				TARGETED_DEVICE_FAMILY = "1,2";
			};
			name = Release;
		};
/* End XCBuildConfiguration section */

/* Begin XCConfigurationList section */
		009CFECA2CDCD3C900715DA4 /* Build configuration list for PBXProject "SevenWindsApp" */ = {
			isa = XCConfigurationList;
			buildConfigurations = (
				009CFEE12CDCD3CB00715DA4 /* Debug */,
				009CFEE22CDCD3CB00715DA4 /* Release */,
			);
			defaultConfigurationIsVisible = 0;
			defaultConfigurationName = Release;
		};
		009CFEE32CDCD3CB00715DA4 /* Build configuration list for PBXNativeTarget "SevenWindsApp" */ = {
			isa = XCConfigurationList;
			buildConfigurations = (
				009CFEE42CDCD3CB00715DA4 /* Debug */,
				009CFEE52CDCD3CB00715DA4 /* Release */,
			);
			defaultConfigurationIsVisible = 0;
			defaultConfigurationName = Release;
		};
/* End XCConfigurationList section */

/* Begin XCRemoteSwiftPackageReference section */
		007F70F92CE21F55006416C5 /* XCRemoteSwiftPackageReference "Alamofire" */ = {
			isa = XCRemoteSwiftPackageReference;
			repositoryURL = "https://github.com/Alamofire/Alamofire.git";
			requirement = {
				kind = exactVersion;
				version = 5.10.1;
			};
		};
		007F71092CE39908006416C5 /* XCRemoteSwiftPackageReference "AlamofireImage" */ = {
			isa = XCRemoteSwiftPackageReference;
			repositoryURL = "https://github.com/Alamofire/AlamofireImage";
			requirement = {
				kind = upToNextMajorVersion;
				minimumVersion = 4.3.0;
			};
		};
/* End XCRemoteSwiftPackageReference section */

/* Begin XCSwiftPackageProductDependency section */
		007F70FA2CE21F55006416C5 /* Alamofire */ = {
			isa = XCSwiftPackageProductDependency;
			package = 007F70F92CE21F55006416C5 /* XCRemoteSwiftPackageReference "Alamofire" */;
			productName = Alamofire;
		};
		007F70FC2CE21F55006416C5 /* AlamofireDynamic */ = {
			isa = XCSwiftPackageProductDependency;
			package = 007F70F92CE21F55006416C5 /* XCRemoteSwiftPackageReference "Alamofire" */;
			productName = AlamofireDynamic;
		};
		007F710A2CE39908006416C5 /* AlamofireImage */ = {
			isa = XCSwiftPackageProductDependency;
			package = 007F71092CE39908006416C5 /* XCRemoteSwiftPackageReference "AlamofireImage" */;
			productName = AlamofireImage;
		};
/* End XCSwiftPackageProductDependency section */
	};
	rootObject = 009CFEC72CDCD3C900715DA4 /* Project object */;
}
